
Microsoft Visual Studio Solution File, Format Version 12.00
# Visual Studio 15
Project("{FAE04EC0-301F-11D3-BF4B-00C04F79EFBC}") = "Entitas", "Entitas.csproj", "{38117C2A-5488-F27C-B024-1EE59BB7FB12}"
EndProject
Project("{FAE04EC0-301F-11D3-BF4B-00C04F79EFBC}") = "Entitas.Editor.Plugins", "Entitas.Editor.Plugins.csproj", "{814D22D6-AC8A-79CF-3AFD-601995D153A3}"
EndProject
Global
	GlobalSection(SolutionConfigurationPlatforms) = preSolution
		Debug|Any CPU = Debug|Any CPU
		Release|Any CPU = Release|Any CPU
	EndGlobalSection
	GlobalSection(ProjectConfigurationPlatforms) = postSolution
		{38117C2A-5488-F27C-B024-1EE59BB7FB12}.Debug|Any CPU.ActiveCfg = Debug|Any CPU
		{38117C2A-5488-F27C-B024-1EE59BB7FB12}.Debug|Any CPU.Build.0 = Debug|Any CPU
		{38117C2A-5488-F27C-B024-1EE59BB7FB12}.Release|Any CPU.ActiveCfg = Release|Any CPU
		{38117C2A-5488-F27C-B024-1EE59BB7FB12}.Release|Any CPU.Build.0 = Release|Any CPU
		{814D22D6-AC8A-79CF-3AFD-601995D153A3}.Debug|Any CPU.ActiveCfg = Debug|Any CPU
		{814D22D6-AC8A-79CF-3AFD-601995D153A3}.Debug|Any CPU.Build.0 = Debug|Any CPU
		{814D22D6-AC8A-79CF-3AFD-601995D153A3}.Release|Any CPU.ActiveCfg = Release|Any CPU
		{814D22D6-AC8A-79CF-3AFD-601995D153A3}.Release|Any CPU.Build.0 = Release|Any CPU
	EndGlobalSection
	GlobalSection(SolutionProperties) = preSolution
		HideSolutionNode = FALSE
	EndGlobalSection
EndGlobal
